// !$*UTF8*$!
{
	archiveVersion = 1;
	classes = {
	};
	objectVersion = 46;
	objects = {

/* Begin PBXBuildFile section */
		30FB7F371F133C2B002C66AC /* AppDelegate.swift in Sources */ = {isa = PBXBuildFile; fileRef = 30FB7F361F133C2B002C66AC /* AppDelegate.swift */; };
		30FB7F3C1F133C2B002C66AC /* Main.storyboard in Resources */ = {isa = PBXBuildFile; fileRef = 30FB7F3A1F133C2B002C66AC /* Main.storyboard */; };
		30FB7F3E1F133C2B002C66AC /* Assets.xcassets in Resources */ = {isa = PBXBuildFile; fileRef = 30FB7F3D1F133C2B002C66AC /* Assets.xcassets */; };
		30FB7F411F133C2B002C66AC /* LaunchScreen.storyboard in Resources */ = {isa = PBXBuildFile; fileRef = 30FB7F3F1F133C2B002C66AC /* LaunchScreen.storyboard */; };
		30FB7F491F1375E1002C66AC /* ConversionViewController.swift in Sources */ = {isa = PBXBuildFile; fileRef = 30FB7F481F1375E1002C66AC /* ConversionViewController.swift */; };
		30FB7F691F14E2B1002C66AC /* MapViewController.swift in Sources */ = {isa = PBXBuildFile; fileRef = 30FB7F681F14E2B1002C66AC /* MapViewController.swift */; };
		30FB7F6C1F14E2DC002C66AC /* MapKit.framework in Frameworks */ = {isa = PBXBuildFile; fileRef = 30FB7F6B1F14E2DC002C66AC /* MapKit.framework */; };
/* End PBXBuildFile section */

/* Begin PBXFileReference section */
		30FB7F331F133C2B002C66AC /* WorldTrotter.app */ = {isa = PBXFileReference; explicitFileType = wrapper.application; includeInIndex = 0; path = WorldTrotter.app; sourceTree = BUILT_PRODUCTS_DIR; };
		30FB7F361F133C2B002C66AC /* AppDelegate.swift */ = {isa = PBXFileReference; lastKnownFileType = sourcecode.swift; path = AppDelegate.swift; sourceTree = "<group>"; };
		30FB7F3B1F133C2B002C66AC /* Base */ = {isa = PBXFileReference; lastKnownFileType = file.storyboard; name = Base; path = Base.lproj/Main.storyboard; sourceTree = "<group>"; };
		30FB7F3D1F133C2B002C66AC /* Assets.xcassets */ = {isa = PBXFileReference; lastKnownFileType = folder.assetcatalog; path = Assets.xcassets; sourceTree = "<group>"; };
		30FB7F401F133C2B002C66AC /* Base */ = {isa = PBXFileReference; lastKnownFileType = file.storyboard; name = Base; path = Base.lproj/LaunchScreen.storyboard; sourceTree = "<group>"; };
		30FB7F421F133C2B002C66AC /* Info.plist */ = {isa = PBXFileReference; lastKnownFileType = text.plist.xml; path = Info.plist; sourceTree = "<group>"; };
		30FB7F481F1375E1002C66AC /* ConversionViewController.swift */ = {isa = PBXFileReference; fileEncoding = 4; lastKnownFileType = sourcecode.swift; path = ConversionViewController.swift; sourceTree = "<group>"; wrapsLines = 0; };
		30FB7F681F14E2B1002C66AC /* MapViewController.swift */ = {isa = PBXFileReference; fileEncoding = 4; lastKnownFileType = sourcecode.swift; path = MapViewController.swift; sourceTree = "<group>"; };
		30FB7F6B1F14E2DC002C66AC /* MapKit.framework */ = {isa = PBXFileReference; lastKnownFileType = wrapper.framework; name = MapKit.framework; path = System/Library/Frameworks/MapKit.framework; sourceTree = SDKROOT; };
/* End PBXFileReference section */

/* Begin PBXFrameworksBuildPhase section */
		30FB7F301F133C2B002C66AC /* Frameworks */ = {
			isa = PBXFrameworksBuildPhase;
			buildActionMask = 2147483647;
			files = (
				30FB7F6C1F14E2DC002C66AC /* MapKit.framework in Frameworks */,
			);
			runOnlyForDeploymentPostprocessing = 0;
		};
/* End PBXFrameworksBuildPhase section */

/* Begin PBXGroup section */
		30FB7F2A1F133C2B002C66AC = {
			isa = PBXGroup;
			children = (
				30FB7F351F133C2B002C66AC /* WorldTrotter */,
				30FB7F341F133C2B002C66AC /* Products */,
				30FB7F6A1F14E2DC002C66AC /* Frameworks */,
			);
			sourceTree = "<group>";
		};
		30FB7F341F133C2B002C66AC /* Products */ = {
			isa = PBXGroup;
			children = (
				30FB7F331F133C2B002C66AC /* WorldTrotter.app */,
			);
			name = Products;
			sourceTree = "<group>";
		};
		30FB7F351F133C2B002C66AC /* WorldTrotter */ = {
			isa = PBXGroup;
			children = (
				30FB7F361F133C2B002C66AC /* AppDelegate.swift */,
				30FB7F481F1375E1002C66AC /* ConversionViewController.swift */,
				30FB7F681F14E2B1002C66AC /* MapViewController.swift */,
				30FB7F3A1F133C2B002C66AC /* Main.storyboard */,
				30FB7F3D1F133C2B002C66AC /* Assets.xcassets */,
				30FB7F3F1F133C2B002C66AC /* LaunchScreen.storyboard */,
				30FB7F421F133C2B002C66AC /* Info.plist */,
			);
			path = WorldTrotter;
			sourceTree = "<group>";
		};
		30FB7F6A1F14E2DC002C66AC /* Frameworks */ = {
			isa = PBXGroup;
			children = (
				30FB7F6B1F14E2DC002C66AC /* MapKit.framework */,
			);
			name = Frameworks;
			sourceTree = "<group>";
		};
/* End PBXGroup section */

/* Begin PBXNativeTarget section */
		30FB7F321F133C2B002C66AC /* WorldTrotter */ = {
			isa = PBXNativeTarget;
			buildConfigurationList = 30FB7F451F133C2B002C66AC /* Build configuration list for PBXNativeTarget "WorldTrotter" */;
			buildPhases = (
				30FB7F2F1F133C2B002C66AC /* Sources */,
				30FB7F301F133C2B002C66AC /* Frameworks */,
				30FB7F311F133C2B002C66AC /* Resources */,
			);
			buildRules = (
			);
			dependencies = (
			);
			name = WorldTrotter;
			productName = WorldTrotter;
			productReference = 30FB7F331F133C2B002C66AC /* WorldTrotter.app */;
			productType = "com.apple.product-type.application";
		};
/* End PBXNativeTarget section */

/* Begin PBXProject section */
		30FB7F2B1F133C2B002C66AC /* Project object */ = {
			isa = PBXProject;
			attributes = {
				LastSwiftUpdateCheck = 0830;
				LastUpgradeCheck = 0830;
				ORGANIZATIONNAME = futr_blu;
				TargetAttributes = {
					30FB7F321F133C2B002C66AC = {
						CreatedOnToolsVersion = 8.3.2;
						ProvisioningStyle = Automatic;
					};
				};
			};
			buildConfigurationList = 30FB7F2E1F133C2B002C66AC /* Build configuration list for PBXProject "WorldTrotter" */;
			compatibilityVersion = "Xcode 3.2";
			developmentRegion = English;
			hasScannedForEncodings = 0;
			knownRegions = (
				en,
				Base,
			);
			mainGroup = 30FB7F2A1F133C2B002C66AC;
			productRefGroup = 30FB7F341F133C2B002C66AC /* Products */;
			projectDirPath = "";
			projectRoot = "";
			targets = (
				30FB7F321F133C2B002C66AC /* WorldTrotter */,
			);
		};
/* End PBXProject section */

/* Begin PBXResourcesBuildPhase section */
		30FB7F311F133C2B002C66AC /* Resources */ = {
			isa = PBXResourcesBuildPhase;
			buildActionMask = 2147483647;
			files = (
				30FB7F411F133C2B002C66AC /* LaunchScreen.storyboard in Resources */,
				30FB7F3E1F133C2B002C66AC /* Assets.xcassets in Resources */,
				30FB7F3C1F133C2B002C66AC /* Main.storyboard in Resources */,
			);
			runOnlyForDeploymentPostprocessing = 0;
		};
/* End PBXResourcesBuildPhase section */

/* Begin PBXSourcesBuildPhase section */
		30FB7F2F1F133C2B002C66AC /* Sources */ = {
			isa = PBXSourcesBuildPhase;
			buildActionMask = 2147483647;
			files = (
				30FB7F491F1375E1002C66AC /* ConversionViewController.swift in Sources */,
				30FB7F371F133C2B002C66AC /* AppDelegate.swift in Sources */,
				30FB7F691F14E2B1002C66AC /* MapViewController.swift in Sources */,
			);
			runOnlyForDeploymentPostprocessing = 0;
		};
/* End PBXSourcesBuildPhase section */

/* Begin PBXVariantGroup section */
		30FB7F3A1F133C2B002C66AC /* Main.storyboard */ = {
			isa = PBXVariantGroup;
			children = (
				30FB7F3B1F133C2B002C66AC /* Base */,
			);
			name = Main.storyboard;
			sourceTree = "<group>";
		};
		30FB7F3F1F133C2B002C66AC /* LaunchScreen.storyboard */ = {
			isa = PBXVariantGroup;
			children = (
				30FB7F401F133C2B002C66AC /* Base */,
			);
			name = LaunchScreen.storyboard;
			sourceTree = "<group>";
		};
/* End PBXVariantGroup section */

/* Begin XCBuildConfiguration section */
		30FB7F431F133C2B002C66AC /* Debug */ = {
			isa = XCBuildConfiguration;
			buildSettings = {
				ALWAYS_SEARCH_USER_PATHS = NO;
				CLANG_ANALYZER_NONNULL = YES;
				CLANG_ANALYZER_NUMBER_OBJECT_CONVERSION = YES_AGGRESSIVE;
				CLANG_CXX_LANGUAGE_STANDARD = "gnu++0x";
				CLANG_CXX_LIBRARY = "libc++";
				CLANG_ENABLE_MODULES = YES;
				CLANG_ENABLE_OBJC_ARC = YES;
				CLANG_WARN_BOOL_CONVERSION = YES;
				CLANG_WARN_CONSTANT_CONVERSION = YES;
				CLANG_WARN_DIRECT_OBJC_ISA_USAGE = YES_ERROR;
				CLANG_WARN_DOCUMENTATION_COMMENTS = YES;
				CLANG_WARN_EMPTY_BODY = YES;
				CLANG_WARN_ENUM_CONVERSION = YES;
				CLANG_WARN_INFINITE_RECURSION = YES;
				CLANG_WARN_INT_CONVERSION = YES;
				CLANG_WARN_OBJC_ROOT_CLASS = YES_ERROR;
				CLANG_WARN_SUSPICIOUS_MOVE = YES;
				CLANG_WARN_UNREACHABLE_CODE = YES;
				CLANG_WARN__DUPLICATE_METHOD_MATCH = YES;
				"CODE_SIGN_IDENTITY[sdk=iphoneos*]" = "iPhone Developer";
				COPY_PHASE_STRIP = NO;
				DEBUG_INFORMATION_FORMAT = dwarf;
				ENABLE_STRICT_OBJC_MSGSEND = YES;
				ENABLE_TESTABILITY = YES;
				GCC_C_LANGUAGE_STANDARD = gnu99;
				GCC_DYNAMIC_NO_PIC = NO;
				GCC_NO_COMMON_BLOCKS = YES;
				GCC_OPTIMIZATION_LEVEL = 0;
				GCC_PREPROCESSOR_DEFINITIONS = (
					"DEBUG=1",
					"$(inherited)",
				);
				GCC_WARN_64_TO_32_BIT_CONVERSION = YES;
				GCC_WARN_ABOUT_RETURN_TYPE = YES_ERROR;
				GCC_WARN_UNDECLARED_SELECTOR = YES;
				GCC_WARN_UNINITIALIZED_AUTOS = YES_AGGRESSIVE;
				GCC_WARN_UNUSED_FUNCTION = YES;
				GCC_WARN_UNUSED_VARIABLE = YES;
				IPHONEOS_DEPLOYMENT_TARGET = 10.3;
				MTL_ENABLE_DEBUG_INFO = YES;
				ONLY_ACTIVE_ARCH = YES;
				SDKROOT = iphoneos;
				SWIFT_ACTIVE_COMPILATION_CONDITIONS = DEBUG;
				SWIFT_OPTIMIZATION_LEVEL = "-Onone";
				TARGETED_DEVICE_FAMILY = "1,2";
			};
			name = Debug;
		};
		30FB7F441F133C2B002C66AC /* Release */ = {
			isa = XCBuildConfiguration;
			buildSettings = {
				ALWAYS_SEARCH_USER_PATHS = NO;
				CLANG_ANALYZER_NONNULL = YES;
				CLANG_ANALYZER_NUMBER_OBJECT_CONVERSION = YES_AGGRESSIVE;
				CLANG_CXX_LANGUAGE_STANDARD = "gnu++0x";
				CLANG_CXX_LIBRARY = "libc++";
				CLANG_ENABLE_MODULES = YES;
				CLANG_ENABLE_OBJC_ARC = YES;
				CLANG_WARN_BOOL_CONVERSION = YES;
				CLANG_WARN_CONSTANT_CONVERSION = YES;
				CLANG_WARN_DIRECT_OBJC_ISA_USAGE = YES_ERROR;
				CLANG_WARN_DOCUMENTATION_COMMENTS = YES;
				CLANG_WARN_EMPTY_BODY = YES;
				CLANG_WARN_ENUM_CONVERSION = YES;
				CLANG_WARN_INFINITE_RECURSION = YES;
				CLANG_WARN_INT_CONVERSION = YES;
				CLANG_WARN_OBJC_ROOT_CLASS = YES_ERROR;
				CLANG_WARN_SUSPICIOUS_MOVE = YES;
				CLANG_WARN_UNREACHABLE_CODE = YES;
				CLANG_WARN__DUPLICATE_METHOD_MATCH = YES;
				"CODE_SIGN_IDENTITY[sdk=iphoneos*]" = "iPhone Developer";
				COPY_PHASE_STRIP = NO;
				DEBUG_INFORMATION_FORMAT = "dwarf-with-dsym";
				ENABLE_NS_ASSERTIONS = NO;
				ENABLE_STRICT_OBJC_MSGSEND = YES;
				GCC_C_LANGUAGE_STANDARD = gnu99;
				GCC_NO_COMMON_BLOCKS = YES;
				GCC_WARN_64_TO_32_BIT_CONVERSION = YES;
				GCC_WARN_ABOUT_RETURN_TYPE = YES_ERROR;
				GCC_WARN_UNDECLARED_SELECTOR = YES;
				GCC_WARN_UNINITIALIZED_AUTOS = YES_AGGRESSIVE;
				GCC_WARN_UNUSED_FUNCTION = YES;
				GCC_WARN_UNUSED_VARIABLE = YES;
				IPHONEOS_DEPLOYMENT_TARGET = 10.3;
				MTL_ENABLE_DEBUG_INFO = NO;
				SDKROOT = iphoneos;
				SWIFT_OPTIMIZATION_LEVEL = "-Owholemodule";
				TARGETED_DEVICE_FAMILY = "1,2";
				VALIDATE_PRODUCT = YES;
			};
			name = Release;
		};
		30FB7F461F133C2B002C66AC /* Debug */ = {
			isa = XCBuildConfiguration;
			buildSettings = {
				ASSETCATALOG_COMPILER_APPICON_NAME = AppIcon;
				INFOPLIST_FILE = WorldTrotter/Info.plist;
				LD_RUNPATH_SEARCH_PATHS = "$(inherited) @executable_path/Frameworks";
				PRODUCT_BUNDLE_IDENTIFIER = "futr-blu.WorldTrotter";
				PRODUCT_NAME = "$(TARGET_NAME)";
				SWIFT_VERSION = 3.0;
			};
			name = Debug;
		};
		30FB7F471F133C2B002C66AC /* Release */ = {
			isa = XCBuildConfiguration;
			buildSettings = {
				ASSETCATALOG_COMPILER_APPICON_NAME = AppIcon;
				INFOPLIST_FILE = WorldTrotter/Info.plist;
				LD_RUNPATH_SEARCH_PATHS = "$(inherited) @executable_path/Frameworks";
				PRODUCT_BUNDLE_IDENTIFIER = "futr-blu.WorldTrotter";
				PRODUCT_NAME = "$(TARGET_NAME)";
				SWIFT_VERSION = 3.0;
			};
			name = Release;
		};
/* End XCBuildConfiguration section */

/* Begin XCConfigurationList section */
		30FB7F2E1F133C2B002C66AC /* Build configuration list for PBXProject "WorldTrotter" */ = {
			isa = XCConfigurationList;
			buildConfigurations = (
				30FB7F431F133C2B002C66AC /* Debug */,
				30FB7F441F133C2B002C66AC /* Release */,
			);
			defaultConfigurationIsVisible = 0;
			defaultConfigurationName = Release;
		};
		30FB7F451F133C2B002C66AC /* Build configuration list for PBXNativeTarget "WorldTrotter" */ = {
			isa = XCConfigurationList;
			buildConfigurations = (
				30FB7F461F133C2B002C66AC /* Debug */,
				30FB7F471F133C2B002C66AC /* Release */,
			);
			defaultConfigurationIsVisible = 0;
			defaultConfigurationName = Release;
		};
/* End XCConfigurationList section */
	};
	rootObject = 30FB7F2B1F133C2B002C66AC /* Project object */;
}
